
Microsoft Visual Studio Solution File, Format Version 12.00
Project("{FAE04EC0-301F-11D3-BF4B-00C04F79EFBC}") = "Soat.SoftwareCrafters.Timeline.Tests", "Soat.SoftwareCrafters.Timeline.Tests\Soat.SoftwareCrafters.Timeline.Tests.csproj", "{D89F0FE5-6DB3-4623-82C3-A01944F5A9C5}"
EndProject
Project("{FAE04EC0-301F-11D3-BF4B-00C04F79EFBC}") = "Soat.SoftwareCrafters.Timeline", "Soat.SoftwareCrafters.Timeline\Soat.SoftwareCrafters.Timeline.csproj", "{95CE640C-D81D-443E-ACCB-E03751B2944F}"
EndProject
Global
	GlobalSection(SolutionConfigurationPlatforms) = preSolution
		Debug|Any CPU = Debug|Any CPU
		Release|Any CPU = Release|Any CPU
	EndGlobalSection
	GlobalSection(ProjectConfigurationPlatforms) = postSolution
		{D89F0FE5-6DB3-4623-82C3-A01944F5A9C5}.Debug|Any CPU.ActiveCfg = Debug|Any CPU
		{D89F0FE5-6DB3-4623-82C3-A01944F5A9C5}.Debug|Any CPU.Build.0 = Debug|Any CPU
		{D89F0FE5-6DB3-4623-82C3-A01944F5A9C5}.Release|Any CPU.ActiveCfg = Release|Any CPU
		{D89F0FE5-6DB3-4623-82C3-A01944F5A9C5}.Release|Any CPU.Build.0 = Release|Any CPU
		{95CE640C-D81D-443E-ACCB-E03751B2944F}.Debug|Any CPU.ActiveCfg = Debug|Any CPU
		{95CE640C-D81D-443E-ACCB-E03751B2944F}.Debug|Any CPU.Build.0 = Debug|Any CPU
		{95CE640C-D81D-443E-ACCB-E03751B2944F}.Release|Any CPU.ActiveCfg = Release|Any CPU
		{95CE640C-D81D-443E-ACCB-E03751B2944F}.Release|Any CPU.Build.0 = Release|Any CPU
	EndGlobalSection
EndGlobal
